// !$*UTF8*$!
{
	archiveVersion = 1;
	classes = {
	};
	objectVersion = 51;
	objects = {

/* Begin PBXBuildFile section */
		28D25507FB5783FECC9E47A7 /* Pods_ToDoList2_ToDoList2UITests.framework in Frameworks */ = {isa = PBXBuildFile; fileRef = A6C5A6808BD0ED5DAFB32D6E /* Pods_ToDoList2_ToDoList2UITests.framework */; };
		5A92972A5842C5A84F5BC1F2 /* Pods_ToDoList2Tests.framework in Frameworks */ = {isa = PBXBuildFile; fileRef = 42136B550855AE960F419B30 /* Pods_ToDoList2Tests.framework */; };
		A1AA4CFF26EE8F6500C5F8C3 /* AppDelegate.swift in Sources */ = {isa = PBXBuildFile; fileRef = A1AA4CFE26EE8F6500C5F8C3 /* AppDelegate.swift */; };
		A1AA4D0126EE8F6500C5F8C3 /* SceneDelegate.swift in Sources */ = {isa = PBXBuildFile; fileRef = A1AA4D0026EE8F6500C5F8C3 /* SceneDelegate.swift */; };
		A1AA4D0326EE8F6500C5F8C3 /* ViewController.swift in Sources */ = {isa = PBXBuildFile; fileRef = A1AA4D0226EE8F6500C5F8C3 /* ViewController.swift */; };
		A1AA4D0626EE8F6500C5F8C3 /* Main.storyboard in Resources */ = {isa = PBXBuildFile; fileRef = A1AA4D0426EE8F6500C5F8C3 /* Main.storyboard */; };
		A1AA4D0826EE8F6800C5F8C3 /* Assets.xcassets in Resources */ = {isa = PBXBuildFile; fileRef = A1AA4D0726EE8F6800C5F8C3 /* Assets.xcassets */; };
		A1AA4D0B26EE8F6800C5F8C3 /* LaunchScreen.storyboard in Resources */ = {isa = PBXBuildFile; fileRef = A1AA4D0926EE8F6800C5F8C3 /* LaunchScreen.storyboard */; };
		A1AA4D1626EE8F6900C5F8C3 /* ToDoList2Tests.swift in Sources */ = {isa = PBXBuildFile; fileRef = A1AA4D1526EE8F6900C5F8C3 /* ToDoList2Tests.swift */; };
		A1AA4D2126EE8F6900C5F8C3 /* ToDoList2UITests.swift in Sources */ = {isa = PBXBuildFile; fileRef = A1AA4D2026EE8F6900C5F8C3 /* ToDoList2UITests.swift */; };
		A1AA4D2F26EE912400C5F8C3 /* ToDoController.swift in Sources */ = {isa = PBXBuildFile; fileRef = A1AA4D2E26EE912400C5F8C3 /* ToDoController.swift */; };
		A1AA4D3126EE913900C5F8C3 /* WeatherController.swift in Sources */ = {isa = PBXBuildFile; fileRef = A1AA4D3026EE913900C5F8C3 /* WeatherController.swift */; };
		A1FC0EEF26EEE046005757F1 /* GoogleService-Info.plist in Resources */ = {isa = PBXBuildFile; fileRef = A1FC0EEE26EEE046005757F1 /* GoogleService-Info.plist */; };
		A1FC0EF126EEF2A3005757F1 /* APIWeatherService.swift in Sources */ = {isa = PBXBuildFile; fileRef = A1FC0EF026EEF2A3005757F1 /* APIWeatherService.swift */; };
		DC11ED4977B7B12F8E3A62FC /* Pods_ToDoList2.framework in Frameworks */ = {isa = PBXBuildFile; fileRef = D7591C1CEF3BDA62DAE6738F /* Pods_ToDoList2.framework */; };
/* End PBXBuildFile section */

/* Begin PBXContainerItemProxy section */
		A1AA4D1226EE8F6900C5F8C3 /* PBXContainerItemProxy */ = {
			isa = PBXContainerItemProxy;
			containerPortal = A1AA4CF326EE8F6500C5F8C3 /* Project object */;
			proxyType = 1;
			remoteGlobalIDString = A1AA4CFA26EE8F6500C5F8C3;
			remoteInfo = ToDoList2;
		};
		A1AA4D1D26EE8F6900C5F8C3 /* PBXContainerItemProxy */ = {
			isa = PBXContainerItemProxy;
			containerPortal = A1AA4CF326EE8F6500C5F8C3 /* Project object */;
			proxyType = 1;
			remoteGlobalIDString = A1AA4CFA26EE8F6500C5F8C3;
			remoteInfo = ToDoList2;
		};
/* End PBXContainerItemProxy section */

/* Begin PBXFileReference section */
		3E180B04720A40CBF29FFECE /* Pods-ToDoList2.debug.xcconfig */ = {isa = PBXFileReference; includeInIndex = 1; lastKnownFileType = text.xcconfig; name = "Pods-ToDoList2.debug.xcconfig"; path = "Target Support Files/Pods-ToDoList2/Pods-ToDoList2.debug.xcconfig"; sourceTree = "<group>"; };
		42136B550855AE960F419B30 /* Pods_ToDoList2Tests.framework */ = {isa = PBXFileReference; explicitFileType = wrapper.framework; includeInIndex = 0; path = Pods_ToDoList2Tests.framework; sourceTree = BUILT_PRODUCTS_DIR; };
		68ECC58C7BEF633BBD577A67 /* Pods-ToDoList2-ToDoList2UITests.release.xcconfig */ = {isa = PBXFileReference; includeInIndex = 1; lastKnownFileType = text.xcconfig; name = "Pods-ToDoList2-ToDoList2UITests.release.xcconfig"; path = "Target Support Files/Pods-ToDoList2-ToDoList2UITests/Pods-ToDoList2-ToDoList2UITests.release.xcconfig"; sourceTree = "<group>"; };
		7F7F28D4F74F18C77FB1F0A1 /* Pods-ToDoList2Tests.release.xcconfig */ = {isa = PBXFileReference; includeInIndex = 1; lastKnownFileType = text.xcconfig; name = "Pods-ToDoList2Tests.release.xcconfig"; path = "Target Support Files/Pods-ToDoList2Tests/Pods-ToDoList2Tests.release.xcconfig"; sourceTree = "<group>"; };
		8046D73C8AC1C8CFB07E7581 /* Pods-ToDoList2Tests.debug.xcconfig */ = {isa = PBXFileReference; includeInIndex = 1; lastKnownFileType = text.xcconfig; name = "Pods-ToDoList2Tests.debug.xcconfig"; path = "Target Support Files/Pods-ToDoList2Tests/Pods-ToDoList2Tests.debug.xcconfig"; sourceTree = "<group>"; };
		A1AA4CFB26EE8F6500C5F8C3 /* ToDoList2.app */ = {isa = PBXFileReference; explicitFileType = wrapper.application; includeInIndex = 0; path = ToDoList2.app; sourceTree = BUILT_PRODUCTS_DIR; };
		A1AA4CFE26EE8F6500C5F8C3 /* AppDelegate.swift */ = {isa = PBXFileReference; lastKnownFileType = sourcecode.swift; path = AppDelegate.swift; sourceTree = "<group>"; };
		A1AA4D0026EE8F6500C5F8C3 /* SceneDelegate.swift */ = {isa = PBXFileReference; lastKnownFileType = sourcecode.swift; path = SceneDelegate.swift; sourceTree = "<group>"; };
		A1AA4D0226EE8F6500C5F8C3 /* ViewController.swift */ = {isa = PBXFileReference; lastKnownFileType = sourcecode.swift; path = ViewController.swift; sourceTree = "<group>"; };
		A1AA4D0526EE8F6500C5F8C3 /* Base */ = {isa = PBXFileReference; lastKnownFileType = file.storyboard; name = Base; path = Base.lproj/Main.storyboard; sourceTree = "<group>"; };
		A1AA4D0726EE8F6800C5F8C3 /* Assets.xcassets */ = {isa = PBXFileReference; lastKnownFileType = folder.assetcatalog; path = Assets.xcassets; sourceTree = "<group>"; };
		A1AA4D0A26EE8F6800C5F8C3 /* Base */ = {isa = PBXFileReference; lastKnownFileType = file.storyboard; name = Base; path = Base.lproj/LaunchScreen.storyboard; sourceTree = "<group>"; };
		A1AA4D0C26EE8F6800C5F8C3 /* Info.plist */ = {isa = PBXFileReference; lastKnownFileType = text.plist.xml; path = Info.plist; sourceTree = "<group>"; };
		A1AA4D1126EE8F6900C5F8C3 /* ToDoList2Tests.xctest */ = {isa = PBXFileReference; explicitFileType = wrapper.cfbundle; includeInIndex = 0; path = ToDoList2Tests.xctest; sourceTree = BUILT_PRODUCTS_DIR; };
		A1AA4D1526EE8F6900C5F8C3 /* ToDoList2Tests.swift */ = {isa = PBXFileReference; lastKnownFileType = sourcecode.swift; path = ToDoList2Tests.swift; sourceTree = "<group>"; };
		A1AA4D1726EE8F6900C5F8C3 /* Info.plist */ = {isa = PBXFileReference; lastKnownFileType = text.plist.xml; path = Info.plist; sourceTree = "<group>"; };
		A1AA4D1C26EE8F6900C5F8C3 /* ToDoList2UITests.xctest */ = {isa = PBXFileReference; explicitFileType = wrapper.cfbundle; includeInIndex = 0; path = ToDoList2UITests.xctest; sourceTree = BUILT_PRODUCTS_DIR; };
		A1AA4D2026EE8F6900C5F8C3 /* ToDoList2UITests.swift */ = {isa = PBXFileReference; lastKnownFileType = sourcecode.swift; path = ToDoList2UITests.swift; sourceTree = "<group>"; };
		A1AA4D2226EE8F6900C5F8C3 /* Info.plist */ = {isa = PBXFileReference; lastKnownFileType = text.plist.xml; path = Info.plist; sourceTree = "<group>"; };
		A1AA4D2E26EE912400C5F8C3 /* ToDoController.swift */ = {isa = PBXFileReference; lastKnownFileType = sourcecode.swift; path = ToDoController.swift; sourceTree = "<group>"; };
		A1AA4D3026EE913900C5F8C3 /* WeatherController.swift */ = {isa = PBXFileReference; lastKnownFileType = sourcecode.swift; path = WeatherController.swift; sourceTree = "<group>"; };
		A1FC0EEE26EEE046005757F1 /* GoogleService-Info.plist */ = {isa = PBXFileReference; fileEncoding = 4; lastKnownFileType = text.plist.xml; path = "GoogleService-Info.plist"; sourceTree = "<group>"; };
		A1FC0EF026EEF2A3005757F1 /* APIWeatherService.swift */ = {isa = PBXFileReference; lastKnownFileType = sourcecode.swift; path = APIWeatherService.swift; sourceTree = "<group>"; };
		A6C5A6808BD0ED5DAFB32D6E /* Pods_ToDoList2_ToDoList2UITests.framework */ = {isa = PBXFileReference; explicitFileType = wrapper.framework; includeInIndex = 0; path = Pods_ToDoList2_ToDoList2UITests.framework; sourceTree = BUILT_PRODUCTS_DIR; };
		B373621F5F24805BD11A7911 /* Pods-ToDoList2-ToDoList2UITests.debug.xcconfig */ = {isa = PBXFileReference; includeInIndex = 1; lastKnownFileType = text.xcconfig; name = "Pods-ToDoList2-ToDoList2UITests.debug.xcconfig"; path = "Target Support Files/Pods-ToDoList2-ToDoList2UITests/Pods-ToDoList2-ToDoList2UITests.debug.xcconfig"; sourceTree = "<group>"; };
		C7DD3FEDBAE42EFEA23082FF /* Pods-ToDoList2.release.xcconfig */ = {isa = PBXFileReference; includeInIndex = 1; lastKnownFileType = text.xcconfig; name = "Pods-ToDoList2.release.xcconfig"; path = "Target Support Files/Pods-ToDoList2/Pods-ToDoList2.release.xcconfig"; sourceTree = "<group>"; };
		D7591C1CEF3BDA62DAE6738F /* Pods_ToDoList2.framework */ = {isa = PBXFileReference; explicitFileType = wrapper.framework; includeInIndex = 0; path = Pods_ToDoList2.framework; sourceTree = BUILT_PRODUCTS_DIR; };
/* End PBXFileReference section */

/* Begin PBXFrameworksBuildPhase section */
		A1AA4CF826EE8F6500C5F8C3 /* Frameworks */ = {
			isa = PBXFrameworksBuildPhase;
			buildActionMask = 2147483647;
			files = (
				DC11ED4977B7B12F8E3A62FC /* Pods_ToDoList2.framework in Frameworks */,
			);
			runOnlyForDeploymentPostprocessing = 0;
		};
		A1AA4D0E26EE8F6900C5F8C3 /* Frameworks */ = {
			isa = PBXFrameworksBuildPhase;
			buildActionMask = 2147483647;
			files = (
				5A92972A5842C5A84F5BC1F2 /* Pods_ToDoList2Tests.framework in Frameworks */,
			);
			runOnlyForDeploymentPostprocessing = 0;
		};
		A1AA4D1926EE8F6900C5F8C3 /* Frameworks */ = {
			isa = PBXFrameworksBuildPhase;
			buildActionMask = 2147483647;
			files = (
				28D25507FB5783FECC9E47A7 /* Pods_ToDoList2_ToDoList2UITests.framework in Frameworks */,
			);
			runOnlyForDeploymentPostprocessing = 0;
		};
/* End PBXFrameworksBuildPhase section */

/* Begin PBXGroup section */
		131446E645BDAA4A7364A4EE /* Frameworks */ = {
			isa = PBXGroup;
			children = (
				D7591C1CEF3BDA62DAE6738F /* Pods_ToDoList2.framework */,
				A6C5A6808BD0ED5DAFB32D6E /* Pods_ToDoList2_ToDoList2UITests.framework */,
				42136B550855AE960F419B30 /* Pods_ToDoList2Tests.framework */,
			);
			name = Frameworks;
			sourceTree = "<group>";
		};
		845AAB41C286113EC02B415B /* Pods */ = {
			isa = PBXGroup;
			children = (
				3E180B04720A40CBF29FFECE /* Pods-ToDoList2.debug.xcconfig */,
				C7DD3FEDBAE42EFEA23082FF /* Pods-ToDoList2.release.xcconfig */,
				B373621F5F24805BD11A7911 /* Pods-ToDoList2-ToDoList2UITests.debug.xcconfig */,
				68ECC58C7BEF633BBD577A67 /* Pods-ToDoList2-ToDoList2UITests.release.xcconfig */,
				8046D73C8AC1C8CFB07E7581 /* Pods-ToDoList2Tests.debug.xcconfig */,
				7F7F28D4F74F18C77FB1F0A1 /* Pods-ToDoList2Tests.release.xcconfig */,
			);
			path = Pods;
			sourceTree = "<group>";
		};
		A1AA4CF226EE8F6500C5F8C3 = {
			isa = PBXGroup;
			children = (
				A1AA4CFD26EE8F6500C5F8C3 /* ToDoList2 */,
				A1AA4D1426EE8F6900C5F8C3 /* ToDoList2Tests */,
				A1AA4D1F26EE8F6900C5F8C3 /* ToDoList2UITests */,
				A1AA4CFC26EE8F6500C5F8C3 /* Products */,
				845AAB41C286113EC02B415B /* Pods */,
				131446E645BDAA4A7364A4EE /* Frameworks */,
			);
			sourceTree = "<group>";
		};
		A1AA4CFC26EE8F6500C5F8C3 /* Products */ = {
			isa = PBXGroup;
			children = (
				A1AA4CFB26EE8F6500C5F8C3 /* ToDoList2.app */,
				A1AA4D1126EE8F6900C5F8C3 /* ToDoList2Tests.xctest */,
				A1AA4D1C26EE8F6900C5F8C3 /* ToDoList2UITests.xctest */,
			);
			name = Products;
			sourceTree = "<group>";
		};
		A1AA4CFD26EE8F6500C5F8C3 /* ToDoList2 */ = {
			isa = PBXGroup;
			children = (
				A1AA4CFE26EE8F6500C5F8C3 /* AppDelegate.swift */,
				A1AA4D0026EE8F6500C5F8C3 /* SceneDelegate.swift */,
				A1AA4D0226EE8F6500C5F8C3 /* ViewController.swift */,
				A1AA4D2E26EE912400C5F8C3 /* ToDoController.swift */,
				A1AA4D3026EE913900C5F8C3 /* WeatherController.swift */,
				A1FC0EF026EEF2A3005757F1 /* APIWeatherService.swift */,
				A1AA4D0426EE8F6500C5F8C3 /* Main.storyboard */,
				A1AA4D0726EE8F6800C5F8C3 /* Assets.xcassets */,
				A1AA4D0926EE8F6800C5F8C3 /* LaunchScreen.storyboard */,
				A1AA4D0C26EE8F6800C5F8C3 /* Info.plist */,
				A1FC0EEE26EEE046005757F1 /* GoogleService-Info.plist */,
			);
			path = ToDoList2;
			sourceTree = "<group>";
		};
		A1AA4D1426EE8F6900C5F8C3 /* ToDoList2Tests */ = {
			isa = PBXGroup;
			children = (
				A1AA4D1526EE8F6900C5F8C3 /* ToDoList2Tests.swift */,
				A1AA4D1726EE8F6900C5F8C3 /* Info.plist */,
			);
			path = ToDoList2Tests;
			sourceTree = "<group>";
		};
		A1AA4D1F26EE8F6900C5F8C3 /* ToDoList2UITests */ = {
			isa = PBXGroup;
			children = (
				A1AA4D2026EE8F6900C5F8C3 /* ToDoList2UITests.swift */,
				A1AA4D2226EE8F6900C5F8C3 /* Info.plist */,
			);
			path = ToDoList2UITests;
			sourceTree = "<group>";
		};
/* End PBXGroup section */

/* Begin PBXNativeTarget section */
		A1AA4CFA26EE8F6500C5F8C3 /* ToDoList2 */ = {
			isa = PBXNativeTarget;
			buildConfigurationList = A1AA4D2526EE8F6900C5F8C3 /* Build configuration list for PBXNativeTarget "ToDoList2" */;
			buildPhases = (
				1CBE18D82E271DE3EBB47EC2 /* [CP] Check Pods Manifest.lock */,
				A1AA4CF726EE8F6500C5F8C3 /* Sources */,
				A1AA4CF826EE8F6500C5F8C3 /* Frameworks */,
				A1AA4CF926EE8F6500C5F8C3 /* Resources */,
				0530E5A6D8D71C304D0DB635 /* [CP] Embed Pods Frameworks */,
			);
			buildRules = (
			);
			dependencies = (
			);
			name = ToDoList2;
			productName = ToDoList2;
			productReference = A1AA4CFB26EE8F6500C5F8C3 /* ToDoList2.app */;
			productType = "com.apple.product-type.application";
		};
		A1AA4D1026EE8F6900C5F8C3 /* ToDoList2Tests */ = {
			isa = PBXNativeTarget;
			buildConfigurationList = A1AA4D2826EE8F6900C5F8C3 /* Build configuration list for PBXNativeTarget "ToDoList2Tests" */;
			buildPhases = (
				EE43C8B51929A06CD8AB1BF7 /* [CP] Check Pods Manifest.lock */,
				A1AA4D0D26EE8F6900C5F8C3 /* Sources */,
				A1AA4D0E26EE8F6900C5F8C3 /* Frameworks */,
				A1AA4D0F26EE8F6900C5F8C3 /* Resources */,
			);
			buildRules = (
			);
			dependencies = (
				A1AA4D1326EE8F6900C5F8C3 /* PBXTargetDependency */,
			);
			name = ToDoList2Tests;
			productName = ToDoList2Tests;
			productReference = A1AA4D1126EE8F6900C5F8C3 /* ToDoList2Tests.xctest */;
			productType = "com.apple.product-type.bundle.unit-test";
		};
		A1AA4D1B26EE8F6900C5F8C3 /* ToDoList2UITests */ = {
			isa = PBXNativeTarget;
			buildConfigurationList = A1AA4D2B26EE8F6900C5F8C3 /* Build configuration list for PBXNativeTarget "ToDoList2UITests" */;
			buildPhases = (
				E8CD2FA405513992494530A2 /* [CP] Check Pods Manifest.lock */,
				A1AA4D1826EE8F6900C5F8C3 /* Sources */,
				A1AA4D1926EE8F6900C5F8C3 /* Frameworks */,
				A1AA4D1A26EE8F6900C5F8C3 /* Resources */,
				3B99F2383CDA765DBA6F82A6 /* [CP] Embed Pods Frameworks */,
			);
			buildRules = (
			);
			dependencies = (
				A1AA4D1E26EE8F6900C5F8C3 /* PBXTargetDependency */,
			);
			name = ToDoList2UITests;
			productName = ToDoList2UITests;
			productReference = A1AA4D1C26EE8F6900C5F8C3 /* ToDoList2UITests.xctest */;
			productType = "com.apple.product-type.bundle.ui-testing";
		};
/* End PBXNativeTarget section */

/* Begin PBXProject section */
		A1AA4CF326EE8F6500C5F8C3 /* Project object */ = {
			isa = PBXProject;
			attributes = {
				LastSwiftUpdateCheck = 1250;
				LastUpgradeCheck = 1250;
				TargetAttributes = {
					A1AA4CFA26EE8F6500C5F8C3 = {
						CreatedOnToolsVersion = 12.5.1;
					};
					A1AA4D1026EE8F6900C5F8C3 = {
						CreatedOnToolsVersion = 12.5.1;
						TestTargetID = A1AA4CFA26EE8F6500C5F8C3;
					};
					A1AA4D1B26EE8F6900C5F8C3 = {
						CreatedOnToolsVersion = 12.5.1;
						TestTargetID = A1AA4CFA26EE8F6500C5F8C3;
					};
				};
			};
			buildConfigurationList = A1AA4CF626EE8F6500C5F8C3 /* Build configuration list for PBXProject "ToDoList2" */;
			compatibilityVersion = "Xcode 9.3";
			developmentRegion = en;
			hasScannedForEncodings = 0;
			knownRegions = (
				en,
				Base,
			);
			mainGroup = A1AA4CF226EE8F6500C5F8C3;
			productRefGroup = A1AA4CFC26EE8F6500C5F8C3 /* Products */;
			projectDirPath = "";
			projectRoot = "";
			targets = (
				A1AA4CFA26EE8F6500C5F8C3 /* ToDoList2 */,
				A1AA4D1026EE8F6900C5F8C3 /* ToDoList2Tests */,
				A1AA4D1B26EE8F6900C5F8C3 /* ToDoList2UITests */,
			);
		};
/* End PBXProject section */

/* Begin PBXResourcesBuildPhase section */
		A1AA4CF926EE8F6500C5F8C3 /* Resources */ = {
			isa = PBXResourcesBuildPhase;
			buildActionMask = 2147483647;
			files = (
				A1AA4D0B26EE8F6800C5F8C3 /* LaunchScreen.storyboard in Resources */,
				A1FC0EEF26EEE046005757F1 /* GoogleService-Info.plist in Resources */,
				A1AA4D0826EE8F6800C5F8C3 /* Assets.xcassets in Resources */,
				A1AA4D0626EE8F6500C5F8C3 /* Main.storyboard in Resources */,
			);
			runOnlyForDeploymentPostprocessing = 0;
		};
		A1AA4D0F26EE8F6900C5F8C3 /* Resources */ = {
			isa = PBXResourcesBuildPhase;
			buildActionMask = 2147483647;
			files = (
			);
			runOnlyForDeploymentPostprocessing = 0;
		};
		A1AA4D1A26EE8F6900C5F8C3 /* Resources */ = {
			isa = PBXResourcesBuildPhase;
			buildActionMask = 2147483647;
			files = (
			);
			runOnlyForDeploymentPostprocessing = 0;
		};
/* End PBXResourcesBuildPhase section */

/* Begin PBXShellScriptBuildPhase section */
		0530E5A6D8D71C304D0DB635 /* [CP] Embed Pods Frameworks */ = {
			isa = PBXShellScriptBuildPhase;
			buildActionMask = 2147483647;
			files = (
			);
			inputFileListPaths = (
				"${PODS_ROOT}/Target Support Files/Pods-ToDoList2/Pods-ToDoList2-frameworks-${CONFIGURATION}-input-files.xcfilelist",
			);
			name = "[CP] Embed Pods Frameworks";
			outputFileListPaths = (
				"${PODS_ROOT}/Target Support Files/Pods-ToDoList2/Pods-ToDoList2-frameworks-${CONFIGURATION}-output-files.xcfilelist",
			);
			runOnlyForDeploymentPostprocessing = 0;
			shellPath = /bin/sh;
			shellScript = "\"${PODS_ROOT}/Target Support Files/Pods-ToDoList2/Pods-ToDoList2-frameworks.sh\"\n";
			showEnvVarsInLog = 0;
		};
		1CBE18D82E271DE3EBB47EC2 /* [CP] Check Pods Manifest.lock */ = {
			isa = PBXShellScriptBuildPhase;
			buildActionMask = 2147483647;
			files = (
			);
			inputFileListPaths = (
			);
			inputPaths = (
				"${PODS_PODFILE_DIR_PATH}/Podfile.lock",
				"${PODS_ROOT}/Manifest.lock",
			);
			name = "[CP] Check Pods Manifest.lock";
			outputFileListPaths = (
			);
			outputPaths = (
				"$(DERIVED_FILE_DIR)/Pods-ToDoList2-checkManifestLockResult.txt",
			);
			runOnlyForDeploymentPostprocessing = 0;
			shellPath = /bin/sh;
			shellScript = "diff \"${PODS_PODFILE_DIR_PATH}/Podfile.lock\" \"${PODS_ROOT}/Manifest.lock\" > /dev/null\nif [ $? != 0 ] ; then\n    # print error to STDERR\n    echo \"error: The sandbox is not in sync with the Podfile.lock. Run 'pod install' or update your CocoaPods installation.\" >&2\n    exit 1\nfi\n# This output is used by Xcode 'outputs' to avoid re-running this script phase.\necho \"SUCCESS\" > \"${SCRIPT_OUTPUT_FILE_0}\"\n";
			showEnvVarsInLog = 0;
		};
		3B99F2383CDA765DBA6F82A6 /* [CP] Embed Pods Frameworks */ = {
			isa = PBXShellScriptBuildPhase;
			buildActionMask = 2147483647;
			files = (
			);
			inputFileListPaths = (
				"${PODS_ROOT}/Target Support Files/Pods-ToDoList2-ToDoList2UITests/Pods-ToDoList2-ToDoList2UITests-frameworks-${CONFIGURATION}-input-files.xcfilelist",
			);
			name = "[CP] Embed Pods Frameworks";
			outputFileListPaths = (
				"${PODS_ROOT}/Target Support Files/Pods-ToDoList2-ToDoList2UITests/Pods-ToDoList2-ToDoList2UITests-frameworks-${CONFIGURATION}-output-files.xcfilelist",
			);
			runOnlyForDeploymentPostprocessing = 0;
			shellPath = /bin/sh;
			shellScript = "\"${PODS_ROOT}/Target Support Files/Pods-ToDoList2-ToDoList2UITests/Pods-ToDoList2-ToDoList2UITests-frameworks.sh\"\n";
			showEnvVarsInLog = 0;
		};
		E8CD2FA405513992494530A2 /* [CP] Check Pods Manifest.lock */ = {
			isa = PBXShellScriptBuildPhase;
			buildActionMask = 2147483647;
			files = (
			);
			inputFileListPaths = (
			);
			inputPaths = (
				"${PODS_PODFILE_DIR_PATH}/Podfile.lock",
				"${PODS_ROOT}/Manifest.lock",
			);
			name = "[CP] Check Pods Manifest.lock";
			outputFileListPaths = (
			);
			outputPaths = (
				"$(DERIVED_FILE_DIR)/Pods-ToDoList2-ToDoList2UITests-checkManifestLockResult.txt",
			);
			runOnlyForDeploymentPostprocessing = 0;
			shellPath = /bin/sh;
			shellScript = "diff \"${PODS_PODFILE_DIR_PATH}/Podfile.lock\" \"${PODS_ROOT}/Manifest.lock\" > /dev/null\nif [ $? != 0 ] ; then\n    # print error to STDERR\n    echo \"error: The sandbox is not in sync with the Podfile.lock. Run 'pod install' or update your CocoaPods installation.\" >&2\n    exit 1\nfi\n# This output is used by Xcode 'outputs' to avoid re-running this script phase.\necho \"SUCCESS\" > \"${SCRIPT_OUTPUT_FILE_0}\"\n";
			showEnvVarsInLog = 0;
		};
		EE43C8B51929A06CD8AB1BF7 /* [CP] Check Pods Manifest.lock */ = {
			isa = PBXShellScriptBuildPhase;
			buildActionMask = 2147483647;
			files = (
			);
			inputFileListPaths = (
			);
			inputPaths = (
				"${PODS_PODFILE_DIR_PATH}/Podfile.lock",
				"${PODS_ROOT}/Manifest.lock",
			);
			name = "[CP] Check Pods Manifest.lock";
			outputFileListPaths = (
			);
			outputPaths = (
				"$(DERIVED_FILE_DIR)/Pods-ToDoList2Tests-checkManifestLockResult.txt",
			);
			runOnlyForDeploymentPostprocessing = 0;
			shellPath = /bin/sh;
			shellScript = "diff \"${PODS_PODFILE_DIR_PATH}/Podfile.lock\" \"${PODS_ROOT}/Manifest.lock\" > /dev/null\nif [ $? != 0 ] ; then\n    # print error to STDERR\n    echo \"error: The sandbox is not in sync with the Podfile.lock. Run 'pod install' or update your CocoaPods installation.\" >&2\n    exit 1\nfi\n# This output is used by Xcode 'outputs' to avoid re-running this script phase.\necho \"SUCCESS\" > \"${SCRIPT_OUTPUT_FILE_0}\"\n";
			showEnvVarsInLog = 0;
		};
/* End PBXShellScriptBuildPhase section */

/* Begin PBXSourcesBuildPhase section */
		A1AA4CF726EE8F6500C5F8C3 /* Sources */ = {
			isa = PBXSourcesBuildPhase;
			buildActionMask = 2147483647;
			files = (
				A1AA4D0326EE8F6500C5F8C3 /* ViewController.swift in Sources */,
				A1FC0EF126EEF2A3005757F1 /* APIWeatherService.swift in Sources */,
				A1AA4D2F26EE912400C5F8C3 /* ToDoController.swift in Sources */,
				A1AA4CFF26EE8F6500C5F8C3 /* AppDelegate.swift in Sources */,
				A1AA4D0126EE8F6500C5F8C3 /* SceneDelegate.swift in Sources */,
				A1AA4D3126EE913900C5F8C3 /* WeatherController.swift in Sources */,
			);
			runOnlyForDeploymentPostprocessing = 0;
		};
		A1AA4D0D26EE8F6900C5F8C3 /* Sources */ = {
			isa = PBXSourcesBuildPhase;
			buildActionMask = 2147483647;
			files = (
				A1AA4D1626EE8F6900C5F8C3 /* ToDoList2Tests.swift in Sources */,
			);
			runOnlyForDeploymentPostprocessing = 0;
		};
		A1AA4D1826EE8F6900C5F8C3 /* Sources */ = {
			isa = PBXSourcesBuildPhase;
			buildActionMask = 2147483647;
			files = (
				A1AA4D2126EE8F6900C5F8C3 /* ToDoList2UITests.swift in Sources */,
			);
			runOnlyForDeploymentPostprocessing = 0;
		};
/* End PBXSourcesBuildPhase section */

/* Begin PBXTargetDependency section */
		A1AA4D1326EE8F6900C5F8C3 /* PBXTargetDependency */ = {
			isa = PBXTargetDependency;
			target = A1AA4CFA26EE8F6500C5F8C3 /* ToDoList2 */;
			targetProxy = A1AA4D1226EE8F6900C5F8C3 /* PBXContainerItemProxy */;
		};
		A1AA4D1E26EE8F6900C5F8C3 /* PBXTargetDependency */ = {
			isa = PBXTargetDependency;
			target = A1AA4CFA26EE8F6500C5F8C3 /* ToDoList2 */;
			targetProxy = A1AA4D1D26EE8F6900C5F8C3 /* PBXContainerItemProxy */;
		};
/* End PBXTargetDependency section */

/* Begin PBXVariantGroup section */
		A1AA4D0426EE8F6500C5F8C3 /* Main.storyboard */ = {
			isa = PBXVariantGroup;
			children = (
				A1AA4D0526EE8F6500C5F8C3 /* Base */,
			);
			name = Main.storyboard;
			sourceTree = "<group>";
		};
		A1AA4D0926EE8F6800C5F8C3 /* LaunchScreen.storyboard */ = {
			isa = PBXVariantGroup;
			children = (
				A1AA4D0A26EE8F6800C5F8C3 /* Base */,
			);
			name = LaunchScreen.storyboard;
			sourceTree = "<group>";
		};
/* End PBXVariantGroup section */

/* Begin XCBuildConfiguration section */
		A1AA4D2326EE8F6900C5F8C3 /* Debug */ = {
			isa = XCBuildConfiguration;
			buildSettings = {
				ALWAYS_SEARCH_USER_PATHS = NO;
				CLANG_ANALYZER_NONNULL = YES;
				CLANG_ANALYZER_NUMBER_OBJECT_CONVERSION = YES_AGGRESSIVE;
				CLANG_CXX_LANGUAGE_STANDARD = "gnu++14";
				CLANG_CXX_LIBRARY = "libc++";
				CLANG_ENABLE_MODULES = YES;
				CLANG_ENABLE_OBJC_ARC = YES;
				CLANG_ENABLE_OBJC_WEAK = YES;
				CLANG_WARN_BLOCK_CAPTURE_AUTORELEASING = YES;
				CLANG_WARN_BOOL_CONVERSION = YES;
				CLANG_WARN_COMMA = YES;
				CLANG_WARN_CONSTANT_CONVERSION = YES;
				CLANG_WARN_DEPRECATED_OBJC_IMPLEMENTATIONS = YES;
				CLANG_WARN_DIRECT_OBJC_ISA_USAGE = YES_ERROR;
				CLANG_WARN_DOCUMENTATION_COMMENTS = YES;
				CLANG_WARN_EMPTY_BODY = YES;
				CLANG_WARN_ENUM_CONVERSION = YES;
				CLANG_WARN_INFINITE_RECURSION = YES;
				CLANG_WARN_INT_CONVERSION = YES;
				CLANG_WARN_NON_LITERAL_NULL_CONVERSION = YES;
				CLANG_WARN_OBJC_IMPLICIT_RETAIN_SELF = YES;
				CLANG_WARN_OBJC_LITERAL_CONVERSION = YES;
				CLANG_WARN_OBJC_ROOT_CLASS = YES_ERROR;
				CLANG_WARN_QUOTED_INCLUDE_IN_FRAMEWORK_HEADER = YES;
				CLANG_WARN_RANGE_LOOP_ANALYSIS = YES;
				CLANG_WARN_STRICT_PROTOTYPES = YES;
				CLANG_WARN_SUSPICIOUS_MOVE = YES;
				CLANG_WARN_UNGUARDED_AVAILABILITY = YES_AGGRESSIVE;
				CLANG_WARN_UNREACHABLE_CODE = YES;
				CLANG_WARN__DUPLICATE_METHOD_MATCH = YES;
				COPY_PHASE_STRIP = NO;
				DEBUG_INFORMATION_FORMAT = dwarf;
				ENABLE_STRICT_OBJC_MSGSEND = YES;
				ENABLE_TESTABILITY = YES;
				GCC_C_LANGUAGE_STANDARD = gnu11;
				GCC_DYNAMIC_NO_PIC = NO;
				GCC_NO_COMMON_BLOCKS = YES;
				GCC_OPTIMIZATION_LEVEL = 0;
				GCC_PREPROCESSOR_DEFINITIONS = (
					"DEBUG=1",
					"$(inherited)",
				);
				GCC_WARN_64_TO_32_BIT_CONVERSION = YES;
				GCC_WARN_ABOUT_RETURN_TYPE = YES_ERROR;
				GCC_WARN_UNDECLARED_SELECTOR = YES;
				GCC_WARN_UNINITIALIZED_AUTOS = YES_AGGRESSIVE;
				GCC_WARN_UNUSED_FUNCTION = YES;
				GCC_WARN_UNUSED_VARIABLE = YES;
				IPHONEOS_DEPLOYMENT_TARGET = 14.5;
				MTL_ENABLE_DEBUG_INFO = INCLUDE_SOURCE;
				MTL_FAST_MATH = YES;
				ONLY_ACTIVE_ARCH = YES;
				SDKROOT = iphoneos;
				SWIFT_ACTIVE_COMPILATION_CONDITIONS = DEBUG;
				SWIFT_OPTIMIZATION_LEVEL = "-Onone";
			};
			name = Debug;
		};
		A1AA4D2426EE8F6900C5F8C3 /* Release */ = {
			isa = XCBuildConfiguration;
			buildSettings = {
				ALWAYS_SEARCH_USER_PATHS = NO;
				CLANG_ANALYZER_NONNULL = YES;
				CLANG_ANALYZER_NUMBER_OBJECT_CONVERSION = YES_AGGRESSIVE;
				CLANG_CXX_LANGUAGE_STANDARD = "gnu++14";
				CLANG_CXX_LIBRARY = "libc++";
				CLANG_ENABLE_MODULES = YES;
				CLANG_ENABLE_OBJC_ARC = YES;
				CLANG_ENABLE_OBJC_WEAK = YES;
				CLANG_WARN_BLOCK_CAPTURE_AUTORELEASING = YES;
				CLANG_WARN_BOOL_CONVERSION = YES;
				CLANG_WARN_COMMA = YES;
				CLANG_WARN_CONSTANT_CONVERSION = YES;
				CLANG_WARN_DEPRECATED_OBJC_IMPLEMENTATIONS = YES;
				CLANG_WARN_DIRECT_OBJC_ISA_USAGE = YES_ERROR;
				CLANG_WARN_DOCUMENTATION_COMMENTS = YES;
				CLANG_WARN_EMPTY_BODY = YES;
				CLANG_WARN_ENUM_CONVERSION = YES;
				CLANG_WARN_INFINITE_RECURSION = YES;
				CLANG_WARN_INT_CONVERSION = YES;
				CLANG_WARN_NON_LITERAL_NULL_CONVERSION = YES;
				CLANG_WARN_OBJC_IMPLICIT_RETAIN_SELF = YES;
				CLANG_WARN_OBJC_LITERAL_CONVERSION = YES;
				CLANG_WARN_OBJC_ROOT_CLASS = YES_ERROR;
				CLANG_WARN_QUOTED_INCLUDE_IN_FRAMEWORK_HEADER = YES;
				CLANG_WARN_RANGE_LOOP_ANALYSIS = YES;
				CLANG_WARN_STRICT_PROTOTYPES = YES;
				CLANG_WARN_SUSPICIOUS_MOVE = YES;
				CLANG_WARN_UNGUARDED_AVAILABILITY = YES_AGGRESSIVE;
				CLANG_WARN_UNREACHABLE_CODE = YES;
				CLANG_WARN__DUPLICATE_METHOD_MATCH = YES;
				COPY_PHASE_STRIP = NO;
				DEBUG_INFORMATION_FORMAT = "dwarf-with-dsym";
				ENABLE_NS_ASSERTIONS = NO;
				ENABLE_STRICT_OBJC_MSGSEND = YES;
				GCC_C_LANGUAGE_STANDARD = gnu11;
				GCC_NO_COMMON_BLOCKS = YES;
				GCC_WARN_64_TO_32_BIT_CONVERSION = YES;
				GCC_WARN_ABOUT_RETURN_TYPE = YES_ERROR;
				GCC_WARN_UNDECLARED_SELECTOR = YES;
				GCC_WARN_UNINITIALIZED_AUTOS = YES_AGGRESSIVE;
				GCC_WARN_UNUSED_FUNCTION = YES;
				GCC_WARN_UNUSED_VARIABLE = YES;
				IPHONEOS_DEPLOYMENT_TARGET = 14.5;
				MTL_ENABLE_DEBUG_INFO = NO;
				MTL_FAST_MATH = YES;
				SDKROOT = iphoneos;
				SWIFT_COMPILATION_MODE = wholemodule;
				SWIFT_OPTIMIZATION_LEVEL = "-O";
				VALIDATE_PRODUCT = YES;
			};
			name = Release;
		};
		A1AA4D2626EE8F6900C5F8C3 /* Debug */ = {
			isa = XCBuildConfiguration;
			baseConfigurationReference = 3E180B04720A40CBF29FFECE /* Pods-ToDoList2.debug.xcconfig */;
			buildSettings = {
				ASSETCATALOG_COMPILER_APPICON_NAME = AppIcon;
				ASSETCATALOG_COMPILER_GLOBAL_ACCENT_COLOR_NAME = AccentColor;
				CODE_SIGN_STYLE = Automatic;
				DEVELOPMENT_TEAM = 47L47QTH5L;
				INFOPLIST_FILE = ToDoList2/Info.plist;
				LD_RUNPATH_SEARCH_PATHS = (
					"$(inherited)",
					"@executable_path/Frameworks",
				);
				PRODUCT_BUNDLE_IDENTIFIER = com.MayaLee.ToDoList2;
				PRODUCT_NAME = "$(TARGET_NAME)";
				SWIFT_VERSION = 5.0;
				TARGETED_DEVICE_FAMILY = "1,2";
			};
			name = Debug;
		};
		A1AA4D2726EE8F6900C5F8C3 /* Release */ = {
			isa = XCBuildConfiguration;
			baseConfigurationReference = C7DD3FEDBAE42EFEA23082FF /* Pods-ToDoList2.release.xcconfig */;
			buildSettings = {
				ASSETCATALOG_COMPILER_APPICON_NAME = AppIcon;
				ASSETCATALOG_COMPILER_GLOBAL_ACCENT_COLOR_NAME = AccentColor;
				CODE_SIGN_STYLE = Automatic;
				DEVELOPMENT_TEAM = 47L47QTH5L;
				INFOPLIST_FILE = ToDoList2/Info.plist;
				LD_RUNPATH_SEARCH_PATHS = (
					"$(inherited)",
					"@executable_path/Frameworks",
				);
				PRODUCT_BUNDLE_IDENTIFIER = com.MayaLee.ToDoList2;
				PRODUCT_NAME = "$(TARGET_NAME)";
				SWIFT_VERSION = 5.0;
				TARGETED_DEVICE_FAMILY = "1,2";
			};
			name = Release;
		};
		A1AA4D2926EE8F6900C5F8C3 /* Debug */ = {
			isa = XCBuildConfiguration;
			baseConfigurationReference = 8046D73C8AC1C8CFB07E7581 /* Pods-ToDoList2Tests.debug.xcconfig */;
			buildSettings = {
				ALWAYS_EMBED_SWIFT_STANDARD_LIBRARIES = YES;
				BUNDLE_LOADER = "$(TEST_HOST)";
				CODE_SIGN_STYLE = Automatic;
				INFOPLIST_FILE = ToDoList2Tests/Info.plist;
				IPHONEOS_DEPLOYMENT_TARGET = 14.5;
				LD_RUNPATH_SEARCH_PATHS = (
					"$(inherited)",
					"@executable_path/Frameworks",
					"@loader_path/Frameworks",
				);
				PRODUCT_BUNDLE_IDENTIFIER = com.MayaLee.ToDoList2Tests;
				PRODUCT_NAME = "$(TARGET_NAME)";
				SWIFT_VERSION = 5.0;
				TARGETED_DEVICE_FAMILY = "1,2";
				TEST_HOST = "$(BUILT_PRODUCTS_DIR)/ToDoList2.app/ToDoList2";
			};
			name = Debug;
		};
		A1AA4D2A26EE8F6900C5F8C3 /* Release */ = {
			isa = XCBuildConfiguration;
			baseConfigurationReference = 7F7F28D4F74F18C77FB1F0A1 /* Pods-ToDoList2Tests.release.xcconfig */;
			buildSettings = {
				ALWAYS_EMBED_SWIFT_STANDARD_LIBRARIES = YES;
				BUNDLE_LOADER = "$(TEST_HOST)";
				CODE_SIGN_STYLE = Automatic;
				INFOPLIST_FILE = ToDoList2Tests/Info.plist;
				IPHONEOS_DEPLOYMENT_TARGET = 14.5;
				LD_RUNPATH_SEARCH_PATHS = (
					"$(inherited)",
					"@executable_path/Frameworks",
					"@loader_path/Frameworks",
				);
				PRODUCT_BUNDLE_IDENTIFIER = com.MayaLee.ToDoList2Tests;
				PRODUCT_NAME = "$(TARGET_NAME)";
				SWIFT_VERSION = 5.0;
				TARGETED_DEVICE_FAMILY = "1,2";
				TEST_HOST = "$(BUILT_PRODUCTS_DIR)/ToDoList2.app/ToDoList2";
			};
			name = Release;
		};
		A1AA4D2C26EE8F6900C5F8C3 /* Debug */ = {
			isa = XCBuildConfiguration;
			baseConfigurationReference = B373621F5F24805BD11A7911 /* Pods-ToDoList2-ToDoList2UITests.debug.xcconfig */;
			buildSettings = {
				ALWAYS_EMBED_SWIFT_STANDARD_LIBRARIES = YES;
				CODE_SIGN_STYLE = Automatic;
				INFOPLIST_FILE = ToDoList2UITests/Info.plist;
				LD_RUNPATH_SEARCH_PATHS = (
					"$(inherited)",
					"@executable_path/Frameworks",
					"@loader_path/Frameworks",
				);
				PRODUCT_BUNDLE_IDENTIFIER = com.MayaLee.ToDoList2UITests;
				PRODUCT_NAME = "$(TARGET_NAME)";
				SWIFT_VERSION = 5.0;
				TARGETED_DEVICE_FAMILY = "1,2";
				TEST_TARGET_NAME = ToDoList2;
			};
			name = Debug;
		};
		A1AA4D2D26EE8F6900C5F8C3 /* Release */ = {
			isa = XCBuildConfiguration;
			baseConfigurationReference = 68ECC58C7BEF633BBD577A67 /* Pods-ToDoList2-ToDoList2UITests.release.xcconfig */;
			buildSettings = {
				ALWAYS_EMBED_SWIFT_STANDARD_LIBRARIES = YES;
				CODE_SIGN_STYLE = Automatic;
				INFOPLIST_FILE = ToDoList2UITests/Info.plist;
				LD_RUNPATH_SEARCH_PATHS = (
					"$(inherited)",
					"@executable_path/Frameworks",
					"@loader_path/Frameworks",
				);
				PRODUCT_BUNDLE_IDENTIFIER = com.MayaLee.ToDoList2UITests;
				PRODUCT_NAME = "$(TARGET_NAME)";
				SWIFT_VERSION = 5.0;
				TARGETED_DEVICE_FAMILY = "1,2";
				TEST_TARGET_NAME = ToDoList2;
			};
			name = Release;
		};
/* End XCBuildConfiguration section */

/* Begin XCConfigurationList section */
		A1AA4CF626EE8F6500C5F8C3 /* Build configuration list for PBXProject "ToDoList2" */ = {
			isa = XCConfigurationList;
			buildConfigurations = (
				A1AA4D2326EE8F6900C5F8C3 /* Debug */,
				A1AA4D2426EE8F6900C5F8C3 /* Release */,
			);
			defaultConfigurationIsVisible = 0;
			defaultConfigurationName = Release;
		};
		A1AA4D2526EE8F6900C5F8C3 /* Build configuration list for PBXNativeTarget "ToDoList2" */ = {
			isa = XCConfigurationList;
			buildConfigurations = (
				A1AA4D2626EE8F6900C5F8C3 /* Debug */,
				A1AA4D2726EE8F6900C5F8C3 /* Release */,
			);
			defaultConfigurationIsVisible = 0;
			defaultConfigurationName = Release;
		};
		A1AA4D2826EE8F6900C5F8C3 /* Build configuration list for PBXNativeTarget "ToDoList2Tests" */ = {
			isa = XCConfigurationList;
			buildConfigurations = (
				A1AA4D2926EE8F6900C5F8C3 /* Debug */,
				A1AA4D2A26EE8F6900C5F8C3 /* Release */,
			);
			defaultConfigurationIsVisible = 0;
			defaultConfigurationName = Release;
		};
		A1AA4D2B26EE8F6900C5F8C3 /* Build configuration list for PBXNativeTarget "ToDoList2UITests" */ = {
			isa = XCConfigurationList;
			buildConfigurations = (
				A1AA4D2C26EE8F6900C5F8C3 /* Debug */,
				A1AA4D2D26EE8F6900C5F8C3 /* Release */,
			);
			defaultConfigurationIsVisible = 0;
			defaultConfigurationName = Release;
		};
/* End XCConfigurationList section */
	};
	rootObject = A1AA4CF326EE8F6500C5F8C3 /* Project object */;
}
